
Microsoft Visual Studio Solution File, Format Version 12.00
# Visual Studio 2017
Project("{FAE04EC0-301F-11D3-BF4B-00C04F79EFBC}") = "FolktaleHorror.Plugins", "FolktaleHorror.Plugins.csproj", "{84FEBD3B-66B6-8690-465E-BD65C1E700EB}"
EndProject
Project("{FAE04EC0-301F-11D3-BF4B-00C04F79EFBC}") = "FolktaleHorror", "FolktaleHorror.csproj", "{BE1997A4-422C-769C-DFD9-5AF99370DA4D}"
EndProject
Project("{FAE04EC0-301F-11D3-BF4B-00C04F79EFBC}") = "FolktaleHorror.Editor.Plugins", "FolktaleHorror.Editor.Plugins.csproj", "{B345014F-3195-3A6E-83A4-755241C01359}"
EndProject
Global
	GlobalSection(SolutionConfigurationPlatforms) = preSolution
		Debug|Any CPU = Debug|Any CPU
		Release|Any CPU = Release|Any CPU
	EndGlobalSection
	GlobalSection(ProjectConfigurationPlatforms) = postSolution
		{84FEBD3B-66B6-8690-465E-BD65C1E700EB}.Debug|Any CPU.ActiveCfg = Debug|Any CPU
		{84FEBD3B-66B6-8690-465E-BD65C1E700EB}.Debug|Any CPU.Build.0 = Debug|Any CPU
		{84FEBD3B-66B6-8690-465E-BD65C1E700EB}.Release|Any CPU.ActiveCfg = Release|Any CPU
		{84FEBD3B-66B6-8690-465E-BD65C1E700EB}.Release|Any CPU.Build.0 = Release|Any CPU
		{BE1997A4-422C-769C-DFD9-5AF99370DA4D}.Debug|Any CPU.ActiveCfg = Debug|Any CPU
		{BE1997A4-422C-769C-DFD9-5AF99370DA4D}.Debug|Any CPU.Build.0 = Debug|Any CPU
		{BE1997A4-422C-769C-DFD9-5AF99370DA4D}.Release|Any CPU.ActiveCfg = Release|Any CPU
		{BE1997A4-422C-769C-DFD9-5AF99370DA4D}.Release|Any CPU.Build.0 = Release|Any CPU
		{B345014F-3195-3A6E-83A4-755241C01359}.Debug|Any CPU.ActiveCfg = Debug|Any CPU
		{B345014F-3195-3A6E-83A4-755241C01359}.Debug|Any CPU.Build.0 = Debug|Any CPU
		{B345014F-3195-3A6E-83A4-755241C01359}.Release|Any CPU.ActiveCfg = Release|Any CPU
		{B345014F-3195-3A6E-83A4-755241C01359}.Release|Any CPU.Build.0 = Release|Any CPU
	EndGlobalSection
	GlobalSection(SolutionProperties) = preSolution
		HideSolutionNode = FALSE
	EndGlobalSection
EndGlobal
